
Microsoft Visual Studio Solution File, Format Version 12.00
# Visual Studio 15
VisualStudioVersion = 15.0.26730.16
MinimumVisualStudioVersion = 10.0.40219.1
Project("{FAE04EC0-301F-11D3-BF4B-00C04F79EFBC}") = "Mastoon", "Mastoon\Mastoon.csproj", "{2D60E4C3-B742-45B1-B71C-BDE4B282B5DE}"
EndProject
Project("{FAE04EC0-301F-11D3-BF4B-00C04F79EFBC}") = "MastoonTest", "MastoonTest\MastoonTest.csproj", "{F1DB54AA-30B7-4437-A716-6439CDFE72CD}"
EndProject
Global
	GlobalSection(SolutionConfigurationPlatforms) = preSolution
		Debug|Any CPU = Debug|Any CPU
		Release|Any CPU = Release|Any CPU
	EndGlobalSection
	GlobalSection(ProjectConfigurationPlatforms) = postSolution
		{2D60E4C3-B742-45B1-B71C-BDE4B282B5DE}.Debug|Any CPU.ActiveCfg = Debug|Any CPU
		{2D60E4C3-B742-45B1-B71C-BDE4B282B5DE}.Debug|Any CPU.Build.0 = Debug|Any CPU
		{2D60E4C3-B742-45B1-B71C-BDE4B282B5DE}.Release|Any CPU.ActiveCfg = Release|Any CPU
		{2D60E4C3-B742-45B1-B71C-BDE4B282B5DE}.Release|Any CPU.Build.0 = Release|Any CPU
		{F1DB54AA-30B7-4437-A716-6439CDFE72CD}.Debug|Any CPU.ActiveCfg = Debug|Any CPU
		{F1DB54AA-30B7-4437-A716-6439CDFE72CD}.Debug|Any CPU.Build.0 = Debug|Any CPU
		{F1DB54AA-30B7-4437-A716-6439CDFE72CD}.Release|Any CPU.ActiveCfg = Release|Any CPU
		{F1DB54AA-30B7-4437-A716-6439CDFE72CD}.Release|Any CPU.Build.0 = Release|Any CPU
	EndGlobalSection
	GlobalSection(SolutionProperties) = preSolution
		HideSolutionNode = FALSE
	EndGlobalSection
	GlobalSection(ExtensibilityGlobals) = postSolution
		SolutionGuid = {51C7EA82-0999-4BA5-8C2F-0FD3AB261421}
	EndGlobalSection
EndGlobal
